// !$*UTF8*$!
{
	archiveVersion = 1;
	classes = {
	};
	objectVersion = 46;
	objects = {

/* Begin PBXBuildFile section */
		F59456351BDE50A300CBE606 /* ShapeFactory.m in Sources */ = {isa = PBXBuildFile; fileRef = F59456341BDE50A300CBE606 /* ShapeFactory.m */; settings = {ASSET_TAGS = (); }; };
		F59456381BDE679D00CBE606 /* Shape2.m in Sources */ = {isa = PBXBuildFile; fileRef = F59456371BDE679D00CBE606 /* Shape2.m */; settings = {ASSET_TAGS = (); }; };
		F594563B1BDE67CC00CBE606 /* Shape3.m in Sources */ = {isa = PBXBuildFile; fileRef = F594563A1BDE67CC00CBE606 /* Shape3.m */; settings = {ASSET_TAGS = (); }; };
		F594563E1BDE67F300CBE606 /* Shape4.m in Sources */ = {isa = PBXBuildFile; fileRef = F594563D1BDE67F300CBE606 /* Shape4.m */; settings = {ASSET_TAGS = (); }; };
		F59456411BDE681F00CBE606 /* Shape5.m in Sources */ = {isa = PBXBuildFile; fileRef = F59456401BDE681F00CBE606 /* Shape5.m */; settings = {ASSET_TAGS = (); }; };
		F5F6339D1BDC840200287F20 /* main.m in Sources */ = {isa = PBXBuildFile; fileRef = F5F6339C1BDC840200287F20 /* main.m */; };
		F5F633A01BDC840200287F20 /* AppDelegate.m in Sources */ = {isa = PBXBuildFile; fileRef = F5F6339F1BDC840200287F20 /* AppDelegate.m */; };
		F5F633A31BDC840200287F20 /* GameScene.m in Sources */ = {isa = PBXBuildFile; fileRef = F5F633A21BDC840200287F20 /* GameScene.m */; };
		F5F633A51BDC840200287F20 /* GameScene.sks in Resources */ = {isa = PBXBuildFile; fileRef = F5F633A41BDC840200287F20 /* GameScene.sks */; };
		F5F633A81BDC840200287F20 /* GameViewController.m in Sources */ = {isa = PBXBuildFile; fileRef = F5F633A71BDC840200287F20 /* GameViewController.m */; };
		F5F633AB1BDC840200287F20 /* Main.storyboard in Resources */ = {isa = PBXBuildFile; fileRef = F5F633A91BDC840200287F20 /* Main.storyboard */; };
		F5F633AD1BDC840200287F20 /* Assets.xcassets in Resources */ = {isa = PBXBuildFile; fileRef = F5F633AC1BDC840200287F20 /* Assets.xcassets */; };
		F5F633B01BDC840200287F20 /* LaunchScreen.storyboard in Resources */ = {isa = PBXBuildFile; fileRef = F5F633AE1BDC840200287F20 /* LaunchScreen.storyboard */; };
		F5F633C01BDCD2E700287F20 /* Shape.m in Sources */ = {isa = PBXBuildFile; fileRef = F5F633BF1BDCD2E700287F20 /* Shape.m */; settings = {ASSET_TAGS = (); }; };
		F5F633C31BDCD30300287F20 /* Shape1.m in Sources */ = {isa = PBXBuildFile; fileRef = F5F633C21BDCD30300287F20 /* Shape1.m */; settings = {ASSET_TAGS = (); }; };
		F5F633C61BDCD3F500287F20 /* BJRect.m in Sources */ = {isa = PBXBuildFile; fileRef = F5F633C51BDCD3F500287F20 /* BJRect.m */; settings = {ASSET_TAGS = (); }; };
		F5F633C91BDD190E00287F20 /* LineGround.m in Sources */ = {isa = PBXBuildFile; fileRef = F5F633C81BDD190E00287F20 /* LineGround.m */; settings = {ASSET_TAGS = (); }; };
/* End PBXBuildFile section */

/* Begin PBXFileReference section */
		F59456331BDE50A300CBE606 /* ShapeFactory.h */ = {isa = PBXFileReference; fileEncoding = 4; lastKnownFileType = sourcecode.c.h; path = ShapeFactory.h; sourceTree = "<group>"; };
		F59456341BDE50A300CBE606 /* ShapeFactory.m */ = {isa = PBXFileReference; fileEncoding = 4; lastKnownFileType = sourcecode.c.objc; path = ShapeFactory.m; sourceTree = "<group>"; };
		F59456361BDE679D00CBE606 /* Shape2.h */ = {isa = PBXFileReference; fileEncoding = 4; lastKnownFileType = sourcecode.c.h; path = Shape2.h; sourceTree = "<group>"; };
		F59456371BDE679D00CBE606 /* Shape2.m */ = {isa = PBXFileReference; fileEncoding = 4; lastKnownFileType = sourcecode.c.objc; path = Shape2.m; sourceTree = "<group>"; };
		F59456391BDE67CC00CBE606 /* Shape3.h */ = {isa = PBXFileReference; fileEncoding = 4; lastKnownFileType = sourcecode.c.h; path = Shape3.h; sourceTree = "<group>"; };
		F594563A1BDE67CC00CBE606 /* Shape3.m */ = {isa = PBXFileReference; fileEncoding = 4; lastKnownFileType = sourcecode.c.objc; path = Shape3.m; sourceTree = "<group>"; };
		F594563C1BDE67F300CBE606 /* Shape4.h */ = {isa = PBXFileReference; fileEncoding = 4; lastKnownFileType = sourcecode.c.h; path = Shape4.h; sourceTree = "<group>"; };
		F594563D1BDE67F300CBE606 /* Shape4.m */ = {isa = PBXFileReference; fileEncoding = 4; lastKnownFileType = sourcecode.c.objc; path = Shape4.m; sourceTree = "<group>"; };
		F594563F1BDE681F00CBE606 /* Shape5.h */ = {isa = PBXFileReference; fileEncoding = 4; lastKnownFileType = sourcecode.c.h; path = Shape5.h; sourceTree = "<group>"; };
		F59456401BDE681F00CBE606 /* Shape5.m */ = {isa = PBXFileReference; fileEncoding = 4; lastKnownFileType = sourcecode.c.objc; path = Shape5.m; sourceTree = "<group>"; };
		F5F633981BDC840200287F20 /* learn02.app */ = {isa = PBXFileReference; explicitFileType = wrapper.application; includeInIndex = 0; path = learn02.app; sourceTree = BUILT_PRODUCTS_DIR; };
		F5F6339C1BDC840200287F20 /* main.m */ = {isa = PBXFileReference; lastKnownFileType = sourcecode.c.objc; path = main.m; sourceTree = "<group>"; };
		F5F6339E1BDC840200287F20 /* AppDelegate.h */ = {isa = PBXFileReference; lastKnownFileType = sourcecode.c.h; path = AppDelegate.h; sourceTree = "<group>"; };
		F5F6339F1BDC840200287F20 /* AppDelegate.m */ = {isa = PBXFileReference; lastKnownFileType = sourcecode.c.objc; path = AppDelegate.m; sourceTree = "<group>"; };
		F5F633A11BDC840200287F20 /* GameScene.h */ = {isa = PBXFileReference; lastKnownFileType = sourcecode.c.h; path = GameScene.h; sourceTree = "<group>"; };
		F5F633A21BDC840200287F20 /* GameScene.m */ = {isa = PBXFileReference; lastKnownFileType = sourcecode.c.objc; path = GameScene.m; sourceTree = "<group>"; };
		F5F633A41BDC840200287F20 /* GameScene.sks */ = {isa = PBXFileReference; lastKnownFileType = file.sks; path = GameScene.sks; sourceTree = "<group>"; };
		F5F633A61BDC840200287F20 /* GameViewController.h */ = {isa = PBXFileReference; lastKnownFileType = sourcecode.c.h; path = GameViewController.h; sourceTree = "<group>"; };
		F5F633A71BDC840200287F20 /* GameViewController.m */ = {isa = PBXFileReference; lastKnownFileType = sourcecode.c.objc; path = GameViewController.m; sourceTree = "<group>"; };
		F5F633AA1BDC840200287F20 /* Base */ = {isa = PBXFileReference; lastKnownFileType = file.storyboard; name = Base; path = Base.lproj/Main.storyboard; sourceTree = "<group>"; };
		F5F633AC1BDC840200287F20 /* Assets.xcassets */ = {isa = PBXFileReference; lastKnownFileType = folder.assetcatalog; path = Assets.xcassets; sourceTree = "<group>"; };
		F5F633AF1BDC840200287F20 /* Base */ = {isa = PBXFileReference; lastKnownFileType = file.storyboard; name = Base; path = Base.lproj/LaunchScreen.storyboard; sourceTree = "<group>"; };
		F5F633B11BDC840200287F20 /* Info.plist */ = {isa = PBXFileReference; lastKnownFileType = text.plist.xml; path = Info.plist; sourceTree = "<group>"; };
		F5F633BE1BDCD2E700287F20 /* Shape.h */ = {isa = PBXFileReference; fileEncoding = 4; lastKnownFileType = sourcecode.c.h; path = Shape.h; sourceTree = "<group>"; };
		F5F633BF1BDCD2E700287F20 /* Shape.m */ = {isa = PBXFileReference; fileEncoding = 4; lastKnownFileType = sourcecode.c.objc; path = Shape.m; sourceTree = "<group>"; };
		F5F633C11BDCD30300287F20 /* Shape1.h */ = {isa = PBXFileReference; fileEncoding = 4; lastKnownFileType = sourcecode.c.h; path = Shape1.h; sourceTree = "<group>"; };
		F5F633C21BDCD30300287F20 /* Shape1.m */ = {isa = PBXFileReference; fileEncoding = 4; lastKnownFileType = sourcecode.c.objc; path = Shape1.m; sourceTree = "<group>"; };
		F5F633C41BDCD3F500287F20 /* BJRect.h */ = {isa = PBXFileReference; fileEncoding = 4; lastKnownFileType = sourcecode.c.h; path = BJRect.h; sourceTree = "<group>"; };
		F5F633C51BDCD3F500287F20 /* BJRect.m */ = {isa = PBXFileReference; fileEncoding = 4; lastKnownFileType = sourcecode.c.objc; path = BJRect.m; sourceTree = "<group>"; };
		F5F633C71BDD190E00287F20 /* LineGround.h */ = {isa = PBXFileReference; fileEncoding = 4; lastKnownFileType = sourcecode.c.h; path = LineGround.h; sourceTree = "<group>"; };
		F5F633C81BDD190E00287F20 /* LineGround.m */ = {isa = PBXFileReference; fileEncoding = 4; lastKnownFileType = sourcecode.c.objc; path = LineGround.m; sourceTree = "<group>"; };
/* End PBXFileReference section */

/* Begin PBXFrameworksBuildPhase section */
		F5F633951BDC840200287F20 /* Frameworks */ = {
			isa = PBXFrameworksBuildPhase;
			buildActionMask = 2147483647;
			files = (
			);
			runOnlyForDeploymentPostprocessing = 0;
		};
/* End PBXFrameworksBuildPhase section */

/* Begin PBXGroup section */
		F5F6338F1BDC840200287F20 = {
			isa = PBXGroup;
			children = (
				F5F6339A1BDC840200287F20 /* learn02 */,
				F5F633991BDC840200287F20 /* Products */,
			);
			sourceTree = "<group>";
		};
		F5F633991BDC840200287F20 /* Products */ = {
			isa = PBXGroup;
			children = (
				F5F633981BDC840200287F20 /* learn02.app */,
			);
			name = Products;
			sourceTree = "<group>";
		};
		F5F6339A1BDC840200287F20 /* learn02 */ = {
			isa = PBXGroup;
			children = (
				F5F633B71BDCD1AE00287F20 /* ShapeDefine */,
				F5F6339E1BDC840200287F20 /* AppDelegate.h */,
				F5F6339F1BDC840200287F20 /* AppDelegate.m */,
				F5F633A11BDC840200287F20 /* GameScene.h */,
				F5F633A21BDC840200287F20 /* GameScene.m */,
				F5F633A41BDC840200287F20 /* GameScene.sks */,
				F5F633A61BDC840200287F20 /* GameViewController.h */,
				F5F633A71BDC840200287F20 /* GameViewController.m */,
				F5F633A91BDC840200287F20 /* Main.storyboard */,
				F5F633AC1BDC840200287F20 /* Assets.xcassets */,
				F5F633AE1BDC840200287F20 /* LaunchScreen.storyboard */,
				F5F633B11BDC840200287F20 /* Info.plist */,
				F5F6339B1BDC840200287F20 /* Supporting Files */,
			);
			path = learn02;
			sourceTree = "<group>";
		};
		F5F6339B1BDC840200287F20 /* Supporting Files */ = {
			isa = PBXGroup;
			children = (
				F5F6339C1BDC840200287F20 /* main.m */,
			);
			name = "Supporting Files";
			sourceTree = "<group>";
		};
		F5F633B71BDCD1AE00287F20 /* ShapeDefine */ = {
			isa = PBXGroup;
			children = (
				F5F633BE1BDCD2E700287F20 /* Shape.h */,
				F5F633BF1BDCD2E700287F20 /* Shape.m */,
				F5F633C11BDCD30300287F20 /* Shape1.h */,
				F5F633C21BDCD30300287F20 /* Shape1.m */,
				F5F633C41BDCD3F500287F20 /* BJRect.h */,
				F5F633C51BDCD3F500287F20 /* BJRect.m */,
				F5F633C71BDD190E00287F20 /* LineGround.h */,
				F5F633C81BDD190E00287F20 /* LineGround.m */,
				F59456331BDE50A300CBE606 /* ShapeFactory.h */,
				F59456341BDE50A300CBE606 /* ShapeFactory.m */,
				F59456361BDE679D00CBE606 /* Shape2.h */,
				F59456371BDE679D00CBE606 /* Shape2.m */,
				F59456391BDE67CC00CBE606 /* Shape3.h */,
				F594563A1BDE67CC00CBE606 /* Shape3.m */,
				F594563C1BDE67F300CBE606 /* Shape4.h */,
				F594563D1BDE67F300CBE606 /* Shape4.m */,
				F594563F1BDE681F00CBE606 /* Shape5.h */,
				F59456401BDE681F00CBE606 /* Shape5.m */,
			);
			name = ShapeDefine;
			sourceTree = "<group>";
		};
/* End PBXGroup section */

/* Begin PBXNativeTarget section */
		F5F633971BDC840200287F20 /* learn02 */ = {
			isa = PBXNativeTarget;
			buildConfigurationList = F5F633B41BDC840200287F20 /* Build configuration list for PBXNativeTarget "learn02" */;
			buildPhases = (
				F5F633941BDC840200287F20 /* Sources */,
				F5F633951BDC840200287F20 /* Frameworks */,
				F5F633961BDC840200287F20 /* Resources */,
			);
			buildRules = (
			);
			dependencies = (
			);
			name = learn02;
			productName = learn02;
			productReference = F5F633981BDC840200287F20 /* learn02.app */;
			productType = "com.apple.product-type.application";
		};
/* End PBXNativeTarget section */

/* Begin PBXProject section */
		F5F633901BDC840200287F20 /* Project object */ = {
			isa = PBXProject;
			attributes = {
				LastUpgradeCheck = 0700;
				ORGANIZATIONNAME = "周明波";
				TargetAttributes = {
					F5F633971BDC840200287F20 = {
						CreatedOnToolsVersion = 7.0.1;
						DevelopmentTeam = FKAPWWCYNG;
					};
				};
			};
			buildConfigurationList = F5F633931BDC840200287F20 /* Build configuration list for PBXProject "learn02" */;
			compatibilityVersion = "Xcode 3.2";
			developmentRegion = English;
			hasScannedForEncodings = 0;
			knownRegions = (
				en,
				Base,
			);
			mainGroup = F5F6338F1BDC840200287F20;
			productRefGroup = F5F633991BDC840200287F20 /* Products */;
			projectDirPath = "";
			projectRoot = "";
			targets = (
				F5F633971BDC840200287F20 /* learn02 */,
			);
		};
/* End PBXProject section */

/* Begin PBXResourcesBuildPhase section */
		F5F633961BDC840200287F20 /* Resources */ = {
			isa = PBXResourcesBuildPhase;
			buildActionMask = 2147483647;
			files = (
				F5F633A51BDC840200287F20 /* GameScene.sks in Resources */,
				F5F633B01BDC840200287F20 /* LaunchScreen.storyboard in Resources */,
				F5F633AD1BDC840200287F20 /* Assets.xcassets in Resources */,
				F5F633AB1BDC840200287F20 /* Main.storyboard in Resources */,
			);
			runOnlyForDeploymentPostprocessing = 0;
		};
/* End PBXResourcesBuildPhase section */

/* Begin PBXSourcesBuildPhase section */
		F5F633941BDC840200287F20 /* Sources */ = {
			isa = PBXSourcesBuildPhase;
			buildActionMask = 2147483647;
			files = (
				F594563E1BDE67F300CBE606 /* Shape4.m in Sources */,
				F5F633A81BDC840200287F20 /* GameViewController.m in Sources */,
				F59456351BDE50A300CBE606 /* ShapeFactory.m in Sources */,
				F59456381BDE679D00CBE606 /* Shape2.m in Sources */,
				F5F633A01BDC840200287F20 /* AppDelegate.m in Sources */,
				F5F633C01BDCD2E700287F20 /* Shape.m in Sources */,
				F59456411BDE681F00CBE606 /* Shape5.m in Sources */,
				F5F633C31BDCD30300287F20 /* Shape1.m in Sources */,
				F5F633A31BDC840200287F20 /* GameScene.m in Sources */,
				F5F6339D1BDC840200287F20 /* main.m in Sources */,
				F594563B1BDE67CC00CBE606 /* Shape3.m in Sources */,
				F5F633C91BDD190E00287F20 /* LineGround.m in Sources */,
				F5F633C61BDCD3F500287F20 /* BJRect.m in Sources */,
			);
			runOnlyForDeploymentPostprocessing = 0;
		};
/* End PBXSourcesBuildPhase section */

/* Begin PBXVariantGroup section */
		F5F633A91BDC840200287F20 /* Main.storyboard */ = {
			isa = PBXVariantGroup;
			children = (
				F5F633AA1BDC840200287F20 /* Base */,
			);
			name = Main.storyboard;
			sourceTree = "<group>";
		};
		F5F633AE1BDC840200287F20 /* LaunchScreen.storyboard */ = {
			isa = PBXVariantGroup;
			children = (
				F5F633AF1BDC840200287F20 /* Base */,
			);
			name = LaunchScreen.storyboard;
			sourceTree = "<group>";
		};
/* End PBXVariantGroup section */

/* Begin XCBuildConfiguration section */
		F5F633B21BDC840200287F20 /* Debug */ = {
			isa = XCBuildConfiguration;
			buildSettings = {
				ALWAYS_SEARCH_USER_PATHS = NO;
				CLANG_CXX_LANGUAGE_STANDARD = "gnu++0x";
				CLANG_CXX_LIBRARY = "libc++";
				CLANG_ENABLE_MODULES = YES;
				CLANG_ENABLE_OBJC_ARC = YES;
				CLANG_WARN_BOOL_CONVERSION = YES;
				CLANG_WARN_CONSTANT_CONVERSION = YES;
				CLANG_WARN_DIRECT_OBJC_ISA_USAGE = YES_ERROR;
				CLANG_WARN_EMPTY_BODY = YES;
				CLANG_WARN_ENUM_CONVERSION = YES;
				CLANG_WARN_INT_CONVERSION = YES;
				CLANG_WARN_OBJC_ROOT_CLASS = YES_ERROR;
				CLANG_WARN_UNREACHABLE_CODE = YES;
				CLANG_WARN__DUPLICATE_METHOD_MATCH = YES;
				"CODE_SIGN_IDENTITY[sdk=iphoneos*]" = "iPhone Developer";
				COPY_PHASE_STRIP = NO;
				DEBUG_INFORMATION_FORMAT = "dwarf-with-dsym";
				ENABLE_STRICT_OBJC_MSGSEND = YES;
				ENABLE_TESTABILITY = YES;
				GCC_C_LANGUAGE_STANDARD = gnu99;
				GCC_DYNAMIC_NO_PIC = NO;
				GCC_NO_COMMON_BLOCKS = YES;
				GCC_OPTIMIZATION_LEVEL = 0;
				GCC_PREPROCESSOR_DEFINITIONS = (
					"DEBUG=1",
					"$(inherited)",
				);
				GCC_WARN_64_TO_32_BIT_CONVERSION = YES;
				GCC_WARN_ABOUT_RETURN_TYPE = YES_ERROR;
				GCC_WARN_UNDECLARED_SELECTOR = YES;
				GCC_WARN_UNINITIALIZED_AUTOS = YES_AGGRESSIVE;
				GCC_WARN_UNUSED_FUNCTION = YES;
				GCC_WARN_UNUSED_VARIABLE = YES;
				IPHONEOS_DEPLOYMENT_TARGET = 9.0;
				MTL_ENABLE_DEBUG_INFO = YES;
				ONLY_ACTIVE_ARCH = YES;
				SDKROOT = iphoneos;
			};
			name = Debug;
		};
		F5F633B31BDC840200287F20 /* Release */ = {
			isa = XCBuildConfiguration;
			buildSettings = {
				ALWAYS_SEARCH_USER_PATHS = NO;
				CLANG_CXX_LANGUAGE_STANDARD = "gnu++0x";
				CLANG_CXX_LIBRARY = "libc++";
				CLANG_ENABLE_MODULES = YES;
				CLANG_ENABLE_OBJC_ARC = YES;
				CLANG_WARN_BOOL_CONVERSION = YES;
				CLANG_WARN_CONSTANT_CONVERSION = YES;
				CLANG_WARN_DIRECT_OBJC_ISA_USAGE = YES_ERROR;
				CLANG_WARN_EMPTY_BODY = YES;
				CLANG_WARN_ENUM_CONVERSION = YES;
				CLANG_WARN_INT_CONVERSION = YES;
				CLANG_WARN_OBJC_ROOT_CLASS = YES_ERROR;
				CLANG_WARN_UNREACHABLE_CODE = YES;
				CLANG_WARN__DUPLICATE_METHOD_MATCH = YES;
				"CODE_SIGN_IDENTITY[sdk=iphoneos*]" = "iPhone Developer";
				COPY_PHASE_STRIP = NO;
				DEBUG_INFORMATION_FORMAT = "dwarf-with-dsym";
				ENABLE_NS_ASSERTIONS = NO;
				ENABLE_STRICT_OBJC_MSGSEND = YES;
				GCC_C_LANGUAGE_STANDARD = gnu99;
				GCC_NO_COMMON_BLOCKS = YES;
				GCC_WARN_64_TO_32_BIT_CONVERSION = YES;
				GCC_WARN_ABOUT_RETURN_TYPE = YES_ERROR;
				GCC_WARN_UNDECLARED_SELECTOR = YES;
				GCC_WARN_UNINITIALIZED_AUTOS = YES_AGGRESSIVE;
				GCC_WARN_UNUSED_FUNCTION = YES;
				GCC_WARN_UNUSED_VARIABLE = YES;
				IPHONEOS_DEPLOYMENT_TARGET = 9.0;
				MTL_ENABLE_DEBUG_INFO = NO;
				SDKROOT = iphoneos;
				VALIDATE_PRODUCT = YES;
			};
			name = Release;
		};
		F5F633B51BDC840200287F20 /* Debug */ = {
			isa = XCBuildConfiguration;
			buildSettings = {
				ASSETCATALOG_COMPILER_APPICON_NAME = AppIcon;
				INFOPLIST_FILE = learn02/Info.plist;
				LD_RUNPATH_SEARCH_PATHS = "$(inherited) @executable_path/Frameworks";
				PRODUCT_BUNDLE_IDENTIFIER = name.bojoy.learn02;
				PRODUCT_NAME = "$(TARGET_NAME)";
			};
			name = Debug;
		};
		F5F633B61BDC840200287F20 /* Release */ = {
			isa = XCBuildConfiguration;
			buildSettings = {
				ASSETCATALOG_COMPILER_APPICON_NAME = AppIcon;
				INFOPLIST_FILE = learn02/Info.plist;
				LD_RUNPATH_SEARCH_PATHS = "$(inherited) @executable_path/Frameworks";
				PRODUCT_BUNDLE_IDENTIFIER = name.bojoy.learn02;
				PRODUCT_NAME = "$(TARGET_NAME)";
			};
			name = Release;
		};
/* End XCBuildConfiguration section */

/* Begin XCConfigurationList section */
		F5F633931BDC840200287F20 /* Build configuration list for PBXProject "learn02" */ = {
			isa = XCConfigurationList;
			buildConfigurations = (
				F5F633B21BDC840200287F20 /* Debug */,
				F5F633B31BDC840200287F20 /* Release */,
			);
			defaultConfigurationIsVisible = 0;
			defaultConfigurationName = Release;
		};
		F5F633B41BDC840200287F20 /* Build configuration list for PBXNativeTarget "learn02" */ = {
			isa = XCConfigurationList;
			buildConfigurations = (
				F5F633B51BDC840200287F20 /* Debug */,
				F5F633B61BDC840200287F20 /* Release */,
			);
			defaultConfigurationIsVisible = 0;
			defaultConfigurationName = Release;
		};
/* End XCConfigurationList section */
	};
	rootObject = F5F633901BDC840200287F20 /* Project object */;
}
